
Microsoft Visual Studio Solution File, Format Version 12.00
# Visual Studio Version 17
VisualStudioVersion = 17.0.32014.148
MinimumVisualStudioVersion = 10.0.40219.1
Project("{FAE04EC0-301F-11D3-BF4B-00C04F79EFBC}") = "Base.NetCoreAPI", "Base.NetCore\Base.NetCoreAPI.csproj", "{281E3ACC-6D16-43CD-B485-5C0945E9C582}"
EndProject
Project("{FAE04EC0-301F-11D3-BF4B-00C04F79EFBC}") = "Base.Core", "Base.Core\Base.Core.csproj", "{48E11E83-DA2E-4BF7-89E9-6F8B7A16CBFB}"
EndProject
Global
	GlobalSection(SolutionConfigurationPlatforms) = preSolution
		Debug|Any CPU = Debug|Any CPU
		Release|Any CPU = Release|Any CPU
	EndGlobalSection
	GlobalSection(ProjectConfigurationPlatforms) = postSolution
		{281E3ACC-6D16-43CD-B485-5C0945E9C582}.Debug|Any CPU.ActiveCfg = Debug|Any CPU
		{281E3ACC-6D16-43CD-B485-5C0945E9C582}.Debug|Any CPU.Build.0 = Debug|Any CPU
		{281E3ACC-6D16-43CD-B485-5C0945E9C582}.Release|Any CPU.ActiveCfg = Release|Any CPU
		{281E3ACC-6D16-43CD-B485-5C0945E9C582}.Release|Any CPU.Build.0 = Release|Any CPU
		{48E11E83-DA2E-4BF7-89E9-6F8B7A16CBFB}.Debug|Any CPU.ActiveCfg = Debug|Any CPU
		{48E11E83-DA2E-4BF7-89E9-6F8B7A16CBFB}.Debug|Any CPU.Build.0 = Debug|Any CPU
		{48E11E83-DA2E-4BF7-89E9-6F8B7A16CBFB}.Release|Any CPU.ActiveCfg = Release|Any CPU
		{48E11E83-DA2E-4BF7-89E9-6F8B7A16CBFB}.Release|Any CPU.Build.0 = Release|Any CPU
	EndGlobalSection
	GlobalSection(SolutionProperties) = preSolution
		HideSolutionNode = FALSE
	EndGlobalSection
	GlobalSection(ExtensibilityGlobals) = postSolution
		SolutionGuid = {0DE146CC-E200-4679-9959-BFCAFEFF0B41}
	EndGlobalSection
EndGlobal
